// !$*UTF8*$!
{
	archiveVersion = 1;
	classes = {
	};
	objectVersion = 46;
	objects = {

/* Begin PBXBuildFile section */
		CE4A3DE41CA2374600972066 /* main.m in Sources */ = {isa = PBXBuildFile; fileRef = CE4A3DE31CA2374600972066 /* main.m */; };
		CE4A3DE71CA2374600972066 /* AppDelegate.m in Sources */ = {isa = PBXBuildFile; fileRef = CE4A3DE61CA2374600972066 /* AppDelegate.m */; };
		CE4A3DEA1CA2374600972066 /* ViewController.m in Sources */ = {isa = PBXBuildFile; fileRef = CE4A3DE91CA2374600972066 /* ViewController.m */; };
		CE4A3DED1CA2374600972066 /* Main.storyboard in Resources */ = {isa = PBXBuildFile; fileRef = CE4A3DEB1CA2374600972066 /* Main.storyboard */; };
		CE4A3DEF1CA2374600972066 /* Assets.xcassets in Resources */ = {isa = PBXBuildFile; fileRef = CE4A3DEE1CA2374600972066 /* Assets.xcassets */; };
		CE4A3DF21CA2374600972066 /* LaunchScreen.storyboard in Resources */ = {isa = PBXBuildFile; fileRef = CE4A3DF01CA2374600972066 /* LaunchScreen.storyboard */; };
		CE4A3DFD1CA2374600972066 /* learnColletionViewTests.m in Sources */ = {isa = PBXBuildFile; fileRef = CE4A3DFC1CA2374600972066 /* learnColletionViewTests.m */; };
		CE4A3E081CA2374600972066 /* learnColletionViewUITests.m in Sources */ = {isa = PBXBuildFile; fileRef = CE4A3E071CA2374600972066 /* learnColletionViewUITests.m */; };
		CE4A3E171CA247A500972066 /* RAViewController.m in Sources */ = {isa = PBXBuildFile; fileRef = CE4A3E161CA247A500972066 /* RAViewController.m */; };
		CE4A3E1B1CA2758700972066 /* RACollectionVIewDelegateTripleLayout.m in Sources */ = {isa = PBXBuildFile; fileRef = CE4A3E1A1CA2758700972066 /* RACollectionVIewDelegateTripleLayout.m */; };
/* End PBXBuildFile section */

/* Begin PBXContainerItemProxy section */
		CE4A3DF91CA2374600972066 /* PBXContainerItemProxy */ = {
			isa = PBXContainerItemProxy;
			containerPortal = CE4A3DD71CA2374600972066 /* Project object */;
			proxyType = 1;
			remoteGlobalIDString = CE4A3DDE1CA2374600972066;
			remoteInfo = learnColletionView;
		};
		CE4A3E041CA2374600972066 /* PBXContainerItemProxy */ = {
			isa = PBXContainerItemProxy;
			containerPortal = CE4A3DD71CA2374600972066 /* Project object */;
			proxyType = 1;
			remoteGlobalIDString = CE4A3DDE1CA2374600972066;
			remoteInfo = learnColletionView;
		};
/* End PBXContainerItemProxy section */

/* Begin PBXFileReference section */
		CE4A3DDF1CA2374600972066 /* learnColletionView.app */ = {isa = PBXFileReference; explicitFileType = wrapper.application; includeInIndex = 0; path = learnColletionView.app; sourceTree = BUILT_PRODUCTS_DIR; };
		CE4A3DE31CA2374600972066 /* main.m */ = {isa = PBXFileReference; lastKnownFileType = sourcecode.c.objc; path = main.m; sourceTree = "<group>"; };
		CE4A3DE51CA2374600972066 /* AppDelegate.h */ = {isa = PBXFileReference; lastKnownFileType = sourcecode.c.h; path = AppDelegate.h; sourceTree = "<group>"; };
		CE4A3DE61CA2374600972066 /* AppDelegate.m */ = {isa = PBXFileReference; lastKnownFileType = sourcecode.c.objc; path = AppDelegate.m; sourceTree = "<group>"; };
		CE4A3DE81CA2374600972066 /* ViewController.h */ = {isa = PBXFileReference; lastKnownFileType = sourcecode.c.h; path = ViewController.h; sourceTree = "<group>"; };
		CE4A3DE91CA2374600972066 /* ViewController.m */ = {isa = PBXFileReference; lastKnownFileType = sourcecode.c.objc; path = ViewController.m; sourceTree = "<group>"; };
		CE4A3DEC1CA2374600972066 /* Base */ = {isa = PBXFileReference; lastKnownFileType = file.storyboard; name = Base; path = Base.lproj/Main.storyboard; sourceTree = "<group>"; };
		CE4A3DEE1CA2374600972066 /* Assets.xcassets */ = {isa = PBXFileReference; lastKnownFileType = folder.assetcatalog; path = Assets.xcassets; sourceTree = "<group>"; };
		CE4A3DF11CA2374600972066 /* Base */ = {isa = PBXFileReference; lastKnownFileType = file.storyboard; name = Base; path = Base.lproj/LaunchScreen.storyboard; sourceTree = "<group>"; };
		CE4A3DF31CA2374600972066 /* Info.plist */ = {isa = PBXFileReference; lastKnownFileType = text.plist.xml; path = Info.plist; sourceTree = "<group>"; };
		CE4A3DF81CA2374600972066 /* learnColletionViewTests.xctest */ = {isa = PBXFileReference; explicitFileType = wrapper.cfbundle; includeInIndex = 0; path = learnColletionViewTests.xctest; sourceTree = BUILT_PRODUCTS_DIR; };
		CE4A3DFC1CA2374600972066 /* learnColletionViewTests.m */ = {isa = PBXFileReference; lastKnownFileType = sourcecode.c.objc; path = learnColletionViewTests.m; sourceTree = "<group>"; };
		CE4A3DFE1CA2374600972066 /* Info.plist */ = {isa = PBXFileReference; lastKnownFileType = text.plist.xml; path = Info.plist; sourceTree = "<group>"; };
		CE4A3E031CA2374600972066 /* learnColletionViewUITests.xctest */ = {isa = PBXFileReference; explicitFileType = wrapper.cfbundle; includeInIndex = 0; path = learnColletionViewUITests.xctest; sourceTree = BUILT_PRODUCTS_DIR; };
		CE4A3E071CA2374600972066 /* learnColletionViewUITests.m */ = {isa = PBXFileReference; lastKnownFileType = sourcecode.c.objc; path = learnColletionViewUITests.m; sourceTree = "<group>"; };
		CE4A3E091CA2374600972066 /* Info.plist */ = {isa = PBXFileReference; lastKnownFileType = text.plist.xml; path = Info.plist; sourceTree = "<group>"; };
		CE4A3E151CA247A500972066 /* RAViewController.h */ = {isa = PBXFileReference; fileEncoding = 4; lastKnownFileType = sourcecode.c.h; path = RAViewController.h; sourceTree = "<group>"; };
		CE4A3E161CA247A500972066 /* RAViewController.m */ = {isa = PBXFileReference; fileEncoding = 4; lastKnownFileType = sourcecode.c.objc; path = RAViewController.m; sourceTree = "<group>"; };
		CE4A3E191CA2758700972066 /* RACollectionVIewDelegateTripleLayout.h */ = {isa = PBXFileReference; fileEncoding = 4; lastKnownFileType = sourcecode.c.h; path = RACollectionVIewDelegateTripleLayout.h; sourceTree = "<group>"; };
		CE4A3E1A1CA2758700972066 /* RACollectionVIewDelegateTripleLayout.m */ = {isa = PBXFileReference; fileEncoding = 4; lastKnownFileType = sourcecode.c.objc; path = RACollectionVIewDelegateTripleLayout.m; sourceTree = "<group>"; };
/* End PBXFileReference section */

/* Begin PBXFrameworksBuildPhase section */
		CE4A3DDC1CA2374600972066 /* Frameworks */ = {
			isa = PBXFrameworksBuildPhase;
			buildActionMask = 2147483647;
			files = (
			);
			runOnlyForDeploymentPostprocessing = 0;
		};
		CE4A3DF51CA2374600972066 /* Frameworks */ = {
			isa = PBXFrameworksBuildPhase;
			buildActionMask = 2147483647;
			files = (
			);
			runOnlyForDeploymentPostprocessing = 0;
		};
		CE4A3E001CA2374600972066 /* Frameworks */ = {
			isa = PBXFrameworksBuildPhase;
			buildActionMask = 2147483647;
			files = (
			);
			runOnlyForDeploymentPostprocessing = 0;
		};
/* End PBXFrameworksBuildPhase section */

/* Begin PBXGroup section */
		CE4A3DD61CA2374600972066 = {
			isa = PBXGroup;
			children = (
				CE4A3E181CA274FC00972066 /* RACollectionViewReorderTripletLayout */,
				CE4A3DE11CA2374600972066 /* learnColletionView */,
				CE4A3DFB1CA2374600972066 /* learnColletionViewTests */,
				CE4A3E061CA2374600972066 /* learnColletionViewUITests */,
				CE4A3DE01CA2374600972066 /* Products */,
			);
			sourceTree = "<group>";
		};
		CE4A3DE01CA2374600972066 /* Products */ = {
			isa = PBXGroup;
			children = (
				CE4A3DDF1CA2374600972066 /* learnColletionView.app */,
				CE4A3DF81CA2374600972066 /* learnColletionViewTests.xctest */,
				CE4A3E031CA2374600972066 /* learnColletionViewUITests.xctest */,
			);
			name = Products;
			sourceTree = "<group>";
		};
		CE4A3DE11CA2374600972066 /* learnColletionView */ = {
			isa = PBXGroup;
			children = (
				CE4A3DE51CA2374600972066 /* AppDelegate.h */,
				CE4A3DE61CA2374600972066 /* AppDelegate.m */,
				CE4A3DE81CA2374600972066 /* ViewController.h */,
				CE4A3DE91CA2374600972066 /* ViewController.m */,
				CE4A3DEB1CA2374600972066 /* Main.storyboard */,
				CE4A3E151CA247A500972066 /* RAViewController.h */,
				CE4A3E161CA247A500972066 /* RAViewController.m */,
				CE4A3DEE1CA2374600972066 /* Assets.xcassets */,
				CE4A3DF01CA2374600972066 /* LaunchScreen.storyboard */,
				CE4A3DF31CA2374600972066 /* Info.plist */,
				CE4A3DE21CA2374600972066 /* Supporting Files */,
			);
			path = learnColletionView;
			sourceTree = "<group>";
		};
		CE4A3DE21CA2374600972066 /* Supporting Files */ = {
			isa = PBXGroup;
			children = (
				CE4A3DE31CA2374600972066 /* main.m */,
			);
			name = "Supporting Files";
			sourceTree = "<group>";
		};
		CE4A3DFB1CA2374600972066 /* learnColletionViewTests */ = {
			isa = PBXGroup;
			children = (
				CE4A3DFC1CA2374600972066 /* learnColletionViewTests.m */,
				CE4A3DFE1CA2374600972066 /* Info.plist */,
			);
			path = learnColletionViewTests;
			sourceTree = "<group>";
		};
		CE4A3E061CA2374600972066 /* learnColletionViewUITests */ = {
			isa = PBXGroup;
			children = (
				CE4A3E071CA2374600972066 /* learnColletionViewUITests.m */,
				CE4A3E091CA2374600972066 /* Info.plist */,
			);
			path = learnColletionViewUITests;
			sourceTree = "<group>";
		};
		CE4A3E181CA274FC00972066 /* RACollectionViewReorderTripletLayout */ = {
			isa = PBXGroup;
			children = (
				CE4A3E191CA2758700972066 /* RACollectionVIewDelegateTripleLayout.h */,
				CE4A3E1A1CA2758700972066 /* RACollectionVIewDelegateTripleLayout.m */,
			);
			path = RACollectionViewReorderTripletLayout;
			sourceTree = "<group>";
		};
/* End PBXGroup section */

/* Begin PBXNativeTarget section */
		CE4A3DDE1CA2374600972066 /* learnColletionView */ = {
			isa = PBXNativeTarget;
			buildConfigurationList = CE4A3E0C1CA2374600972066 /* Build configuration list for PBXNativeTarget "learnColletionView" */;
			buildPhases = (
				CE4A3DDB1CA2374600972066 /* Sources */,
				CE4A3DDC1CA2374600972066 /* Frameworks */,
				CE4A3DDD1CA2374600972066 /* Resources */,
			);
			buildRules = (
			);
			dependencies = (
			);
			name = learnColletionView;
			productName = learnColletionView;
			productReference = CE4A3DDF1CA2374600972066 /* learnColletionView.app */;
			productType = "com.apple.product-type.application";
		};
		CE4A3DF71CA2374600972066 /* learnColletionViewTests */ = {
			isa = PBXNativeTarget;
			buildConfigurationList = CE4A3E0F1CA2374600972066 /* Build configuration list for PBXNativeTarget "learnColletionViewTests" */;
			buildPhases = (
				CE4A3DF41CA2374600972066 /* Sources */,
				CE4A3DF51CA2374600972066 /* Frameworks */,
				CE4A3DF61CA2374600972066 /* Resources */,
			);
			buildRules = (
			);
			dependencies = (
				CE4A3DFA1CA2374600972066 /* PBXTargetDependency */,
			);
			name = learnColletionViewTests;
			productName = learnColletionViewTests;
			productReference = CE4A3DF81CA2374600972066 /* learnColletionViewTests.xctest */;
			productType = "com.apple.product-type.bundle.unit-test";
		};
		CE4A3E021CA2374600972066 /* learnColletionViewUITests */ = {
			isa = PBXNativeTarget;
			buildConfigurationList = CE4A3E121CA2374600972066 /* Build configuration list for PBXNativeTarget "learnColletionViewUITests" */;
			buildPhases = (
				CE4A3DFF1CA2374600972066 /* Sources */,
				CE4A3E001CA2374600972066 /* Frameworks */,
				CE4A3E011CA2374600972066 /* Resources */,
			);
			buildRules = (
			);
			dependencies = (
				CE4A3E051CA2374600972066 /* PBXTargetDependency */,
			);
			name = learnColletionViewUITests;
			productName = learnColletionViewUITests;
			productReference = CE4A3E031CA2374600972066 /* learnColletionViewUITests.xctest */;
			productType = "com.apple.product-type.bundle.ui-testing";
		};
/* End PBXNativeTarget section */

/* Begin PBXProject section */
		CE4A3DD71CA2374600972066 /* Project object */ = {
			isa = PBXProject;
			attributes = {
				LastUpgradeCheck = 0720;
				ORGANIZATIONNAME = JiuFang;
				TargetAttributes = {
					CE4A3DDE1CA2374600972066 = {
						CreatedOnToolsVersion = 7.2.1;
					};
					CE4A3DF71CA2374600972066 = {
						CreatedOnToolsVersion = 7.2.1;
						TestTargetID = CE4A3DDE1CA2374600972066;
					};
					CE4A3E021CA2374600972066 = {
						CreatedOnToolsVersion = 7.2.1;
						TestTargetID = CE4A3DDE1CA2374600972066;
					};
				};
			};
			buildConfigurationList = CE4A3DDA1CA2374600972066 /* Build configuration list for PBXProject "learnColletionView" */;
			compatibilityVersion = "Xcode 3.2";
			developmentRegion = English;
			hasScannedForEncodings = 0;
			knownRegions = (
				en,
				Base,
			);
			mainGroup = CE4A3DD61CA2374600972066;
			productRefGroup = CE4A3DE01CA2374600972066 /* Products */;
			projectDirPath = "";
			projectRoot = "";
			targets = (
				CE4A3DDE1CA2374600972066 /* learnColletionView */,
				CE4A3DF71CA2374600972066 /* learnColletionViewTests */,
				CE4A3E021CA2374600972066 /* learnColletionViewUITests */,
			);
		};
/* End PBXProject section */

/* Begin PBXResourcesBuildPhase section */
		CE4A3DDD1CA2374600972066 /* Resources */ = {
			isa = PBXResourcesBuildPhase;
			buildActionMask = 2147483647;
			files = (
				CE4A3DF21CA2374600972066 /* LaunchScreen.storyboard in Resources */,
				CE4A3DEF1CA2374600972066 /* Assets.xcassets in Resources */,
				CE4A3DED1CA2374600972066 /* Main.storyboard in Resources */,
			);
			runOnlyForDeploymentPostprocessing = 0;
		};
		CE4A3DF61CA2374600972066 /* Resources */ = {
			isa = PBXResourcesBuildPhase;
			buildActionMask = 2147483647;
			files = (
			);
			runOnlyForDeploymentPostprocessing = 0;
		};
		CE4A3E011CA2374600972066 /* Resources */ = {
			isa = PBXResourcesBuildPhase;
			buildActionMask = 2147483647;
			files = (
			);
			runOnlyForDeploymentPostprocessing = 0;
		};
/* End PBXResourcesBuildPhase section */

/* Begin PBXSourcesBuildPhase section */
		CE4A3DDB1CA2374600972066 /* Sources */ = {
			isa = PBXSourcesBuildPhase;
			buildActionMask = 2147483647;
			files = (
				CE4A3DEA1CA2374600972066 /* ViewController.m in Sources */,
				CE4A3DE71CA2374600972066 /* AppDelegate.m in Sources */,
				CE4A3E1B1CA2758700972066 /* RACollectionVIewDelegateTripleLayout.m in Sources */,
				CE4A3DE41CA2374600972066 /* main.m in Sources */,
				CE4A3E171CA247A500972066 /* RAViewController.m in Sources */,
			);
			runOnlyForDeploymentPostprocessing = 0;
		};
		CE4A3DF41CA2374600972066 /* Sources */ = {
			isa = PBXSourcesBuildPhase;
			buildActionMask = 2147483647;
			files = (
				CE4A3DFD1CA2374600972066 /* learnColletionViewTests.m in Sources */,
			);
			runOnlyForDeploymentPostprocessing = 0;
		};
		CE4A3DFF1CA2374600972066 /* Sources */ = {
			isa = PBXSourcesBuildPhase;
			buildActionMask = 2147483647;
			files = (
				CE4A3E081CA2374600972066 /* learnColletionViewUITests.m in Sources */,
			);
			runOnlyForDeploymentPostprocessing = 0;
		};
/* End PBXSourcesBuildPhase section */

/* Begin PBXTargetDependency section */
		CE4A3DFA1CA2374600972066 /* PBXTargetDependency */ = {
			isa = PBXTargetDependency;
			target = CE4A3DDE1CA2374600972066 /* learnColletionView */;
			targetProxy = CE4A3DF91CA2374600972066 /* PBXContainerItemProxy */;
		};
		CE4A3E051CA2374600972066 /* PBXTargetDependency */ = {
			isa = PBXTargetDependency;
			target = CE4A3DDE1CA2374600972066 /* learnColletionView */;
			targetProxy = CE4A3E041CA2374600972066 /* PBXContainerItemProxy */;
		};
/* End PBXTargetDependency section */

/* Begin PBXVariantGroup section */
		CE4A3DEB1CA2374600972066 /* Main.storyboard */ = {
			isa = PBXVariantGroup;
			children = (
				CE4A3DEC1CA2374600972066 /* Base */,
			);
			name = Main.storyboard;
			sourceTree = "<group>";
		};
		CE4A3DF01CA2374600972066 /* LaunchScreen.storyboard */ = {
			isa = PBXVariantGroup;
			children = (
				CE4A3DF11CA2374600972066 /* Base */,
			);
			name = LaunchScreen.storyboard;
			sourceTree = "<group>";
		};
/* End PBXVariantGroup section */

/* Begin XCBuildConfiguration section */
		CE4A3E0A1CA2374600972066 /* Debug */ = {
			isa = XCBuildConfiguration;
			buildSettings = {
				ALWAYS_SEARCH_USER_PATHS = NO;
				CLANG_CXX_LANGUAGE_STANDARD = "gnu++0x";
				CLANG_CXX_LIBRARY = "libc++";
				CLANG_ENABLE_MODULES = YES;
				CLANG_ENABLE_OBJC_ARC = YES;
				CLANG_WARN_BOOL_CONVERSION = YES;
				CLANG_WARN_CONSTANT_CONVERSION = YES;
				CLANG_WARN_DIRECT_OBJC_ISA_USAGE = YES_ERROR;
				CLANG_WARN_EMPTY_BODY = YES;
				CLANG_WARN_ENUM_CONVERSION = YES;
				CLANG_WARN_INT_CONVERSION = YES;
				CLANG_WARN_OBJC_ROOT_CLASS = YES_ERROR;
				CLANG_WARN_UNREACHABLE_CODE = YES;
				CLANG_WARN__DUPLICATE_METHOD_MATCH = YES;
				"CODE_SIGN_IDENTITY[sdk=iphoneos*]" = "iPhone Developer";
				COPY_PHASE_STRIP = NO;
				DEBUG_INFORMATION_FORMAT = dwarf;
				ENABLE_STRICT_OBJC_MSGSEND = YES;
				ENABLE_TESTABILITY = YES;
				GCC_C_LANGUAGE_STANDARD = gnu99;
				GCC_DYNAMIC_NO_PIC = NO;
				GCC_NO_COMMON_BLOCKS = YES;
				GCC_OPTIMIZATION_LEVEL = 0;
				GCC_PREPROCESSOR_DEFINITIONS = (
					"DEBUG=1",
					"$(inherited)",
				);
				GCC_WARN_64_TO_32_BIT_CONVERSION = YES;
				GCC_WARN_ABOUT_RETURN_TYPE = YES_ERROR;
				GCC_WARN_UNDECLARED_SELECTOR = YES;
				GCC_WARN_UNINITIALIZED_AUTOS = YES_AGGRESSIVE;
				GCC_WARN_UNUSED_FUNCTION = YES;
				GCC_WARN_UNUSED_VARIABLE = YES;
				IPHONEOS_DEPLOYMENT_TARGET = 9.2;
				MTL_ENABLE_DEBUG_INFO = YES;
				ONLY_ACTIVE_ARCH = YES;
				SDKROOT = iphoneos;
			};
			name = Debug;
		};
		CE4A3E0B1CA2374600972066 /* Release */ = {
			isa = XCBuildConfiguration;
			buildSettings = {
				ALWAYS_SEARCH_USER_PATHS = NO;
				CLANG_CXX_LANGUAGE_STANDARD = "gnu++0x";
				CLANG_CXX_LIBRARY = "libc++";
				CLANG_ENABLE_MODULES = YES;
				CLANG_ENABLE_OBJC_ARC = YES;
				CLANG_WARN_BOOL_CONVERSION = YES;
				CLANG_WARN_CONSTANT_CONVERSION = YES;
				CLANG_WARN_DIRECT_OBJC_ISA_USAGE = YES_ERROR;
				CLANG_WARN_EMPTY_BODY = YES;
				CLANG_WARN_ENUM_CONVERSION = YES;
				CLANG_WARN_INT_CONVERSION = YES;
				CLANG_WARN_OBJC_ROOT_CLASS = YES_ERROR;
				CLANG_WARN_UNREACHABLE_CODE = YES;
				CLANG_WARN__DUPLICATE_METHOD_MATCH = YES;
				"CODE_SIGN_IDENTITY[sdk=iphoneos*]" = "iPhone Developer";
				COPY_PHASE_STRIP = NO;
				DEBUG_INFORMATION_FORMAT = "dwarf-with-dsym";
				ENABLE_NS_ASSERTIONS = NO;
				ENABLE_STRICT_OBJC_MSGSEND = YES;
				GCC_C_LANGUAGE_STANDARD = gnu99;
				GCC_NO_COMMON_BLOCKS = YES;
				GCC_WARN_64_TO_32_BIT_CONVERSION = YES;
				GCC_WARN_ABOUT_RETURN_TYPE = YES_ERROR;
				GCC_WARN_UNDECLARED_SELECTOR = YES;
				GCC_WARN_UNINITIALIZED_AUTOS = YES_AGGRESSIVE;
				GCC_WARN_UNUSED_FUNCTION = YES;
				GCC_WARN_UNUSED_VARIABLE = YES;
				IPHONEOS_DEPLOYMENT_TARGET = 9.2;
				MTL_ENABLE_DEBUG_INFO = NO;
				SDKROOT = iphoneos;
				VALIDATE_PRODUCT = YES;
			};
			name = Release;
		};
		CE4A3E0D1CA2374600972066 /* Debug */ = {
			isa = XCBuildConfiguration;
			buildSettings = {
				ASSETCATALOG_COMPILER_APPICON_NAME = AppIcon;
				INFOPLIST_FILE = learnColletionView/Info.plist;
				LD_RUNPATH_SEARCH_PATHS = "$(inherited) @executable_path/Frameworks";
				PRODUCT_BUNDLE_IDENTIFIER = com.sellji.learnColletionView;
				PRODUCT_NAME = "$(TARGET_NAME)";
			};
			name = Debug;
		};
		CE4A3E0E1CA2374600972066 /* Release */ = {
			isa = XCBuildConfiguration;
			buildSettings = {
				ASSETCATALOG_COMPILER_APPICON_NAME = AppIcon;
				INFOPLIST_FILE = learnColletionView/Info.plist;
				LD_RUNPATH_SEARCH_PATHS = "$(inherited) @executable_path/Frameworks";
				PRODUCT_BUNDLE_IDENTIFIER = com.sellji.learnColletionView;
				PRODUCT_NAME = "$(TARGET_NAME)";
			};
			name = Release;
		};
		CE4A3E101CA2374600972066 /* Debug */ = {
			isa = XCBuildConfiguration;
			buildSettings = {
				BUNDLE_LOADER = "$(TEST_HOST)";
				INFOPLIST_FILE = learnColletionViewTests/Info.plist;
				LD_RUNPATH_SEARCH_PATHS = "$(inherited) @executable_path/Frameworks @loader_path/Frameworks";
				PRODUCT_BUNDLE_IDENTIFIER = com.sellji.learnColletionViewTests;
				PRODUCT_NAME = "$(TARGET_NAME)";
				TEST_HOST = "$(BUILT_PRODUCTS_DIR)/learnColletionView.app/learnColletionView";
			};
			name = Debug;
		};
		CE4A3E111CA2374600972066 /* Release */ = {
			isa = XCBuildConfiguration;
			buildSettings = {
				BUNDLE_LOADER = "$(TEST_HOST)";
				INFOPLIST_FILE = learnColletionViewTests/Info.plist;
				LD_RUNPATH_SEARCH_PATHS = "$(inherited) @executable_path/Frameworks @loader_path/Frameworks";
				PRODUCT_BUNDLE_IDENTIFIER = com.sellji.learnColletionViewTests;
				PRODUCT_NAME = "$(TARGET_NAME)";
				TEST_HOST = "$(BUILT_PRODUCTS_DIR)/learnColletionView.app/learnColletionView";
			};
			name = Release;
		};
		CE4A3E131CA2374600972066 /* Debug */ = {
			isa = XCBuildConfiguration;
			buildSettings = {
				INFOPLIST_FILE = learnColletionViewUITests/Info.plist;
				LD_RUNPATH_SEARCH_PATHS = "$(inherited) @executable_path/Frameworks @loader_path/Frameworks";
				PRODUCT_BUNDLE_IDENTIFIER = com.sellji.learnColletionViewUITests;
				PRODUCT_NAME = "$(TARGET_NAME)";
				TEST_TARGET_NAME = learnColletionView;
				USES_XCTRUNNER = YES;
			};
			name = Debug;
		};
		CE4A3E141CA2374600972066 /* Release */ = {
			isa = XCBuildConfiguration;
			buildSettings = {
				INFOPLIST_FILE = learnColletionViewUITests/Info.plist;
				LD_RUNPATH_SEARCH_PATHS = "$(inherited) @executable_path/Frameworks @loader_path/Frameworks";
				PRODUCT_BUNDLE_IDENTIFIER = com.sellji.learnColletionViewUITests;
				PRODUCT_NAME = "$(TARGET_NAME)";
				TEST_TARGET_NAME = learnColletionView;
				USES_XCTRUNNER = YES;
			};
			name = Release;
		};
/* End XCBuildConfiguration section */

/* Begin XCConfigurationList section */
		CE4A3DDA1CA2374600972066 /* Build configuration list for PBXProject "learnColletionView" */ = {
			isa = XCConfigurationList;
			buildConfigurations = (
				CE4A3E0A1CA2374600972066 /* Debug */,
				CE4A3E0B1CA2374600972066 /* Release */,
			);
			defaultConfigurationIsVisible = 0;
			defaultConfigurationName = Release;
		};
		CE4A3E0C1CA2374600972066 /* Build configuration list for PBXNativeTarget "learnColletionView" */ = {
			isa = XCConfigurationList;
			buildConfigurations = (
				CE4A3E0D1CA2374600972066 /* Debug */,
				CE4A3E0E1CA2374600972066 /* Release */,
			);
			defaultConfigurationIsVisible = 0;
			defaultConfigurationName = Release;
		};
		CE4A3E0F1CA2374600972066 /* Build configuration list for PBXNativeTarget "learnColletionViewTests" */ = {
			isa = XCConfigurationList;
			buildConfigurations = (
				CE4A3E101CA2374600972066 /* Debug */,
				CE4A3E111CA2374600972066 /* Release */,
			);
			defaultConfigurationIsVisible = 0;
			defaultConfigurationName = Release;
		};
		CE4A3E121CA2374600972066 /* Build configuration list for PBXNativeTarget "learnColletionViewUITests" */ = {
			isa = XCConfigurationList;
			buildConfigurations = (
				CE4A3E131CA2374600972066 /* Debug */,
				CE4A3E141CA2374600972066 /* Release */,
			);
			defaultConfigurationIsVisible = 0;
			defaultConfigurationName = Release;
		};
/* End XCConfigurationList section */
	};
	rootObject = CE4A3DD71CA2374600972066 /* Project object */;
}
